
Microsoft Visual Studio Solution File, Format Version 12.00
# Visual Studio 15
Project("{FAE04EC0-301F-11D3-BF4B-00C04F79EFBC}") = "Assembly-CSharp", "Assembly-CSharp.csproj", "{0219251F-DC87-F169-2AB8-78DAC00C6A9E}"
EndProject
Global
	GlobalSection(SolutionConfigurationPlatforms) = preSolution
		Debug|Any CPU = Debug|Any CPU
		Release|Any CPU = Release|Any CPU
	EndGlobalSection
	GlobalSection(ProjectConfigurationPlatforms) = postSolution
		{0219251F-DC87-F169-2AB8-78DAC00C6A9E}.Debug|Any CPU.ActiveCfg = Debug|Any CPU
		{0219251F-DC87-F169-2AB8-78DAC00C6A9E}.Debug|Any CPU.Build.0 = Debug|Any CPU
		{0219251F-DC87-F169-2AB8-78DAC00C6A9E}.Release|Any CPU.ActiveCfg = Release|Any CPU
		{0219251F-DC87-F169-2AB8-78DAC00C6A9E}.Release|Any CPU.Build.0 = Release|Any CPU
	EndGlobalSection
	GlobalSection(SolutionProperties) = preSolution
		HideSolutionNode = FALSE
	EndGlobalSection
EndGlobal
